# Generated by move; do not edit
# This file should be checked in.

[move]
version = 4

[pinned.devnet.MoveStdlib]
source = { git = "https://github.com/MystenLabs/sui.git", subdir = "crates/sui-framework/packages/move-stdlib", rev = "73dd2c2ba6f9fdb21d7ffde2b50a3f2f0ac39bc1" }
use_environment = "devnet"
manifest_digest = "C4FE4C91DE74CBF223B2E380AE40F592177D21870DC2D7EB6227D2D694E05363"
deps = {}

[pinned.devnet.Sui]
source = { git = "https://github.com/MystenLabs/sui.git", subdir = "crates/sui-framework/packages/sui-framework", rev = "73dd2c2ba6f9fdb21d7ffde2b50a3f2f0ac39bc1" }
use_environment = "devnet"
manifest_digest = "E2EF92175C2575B1EA85274B70A9CFD8DE08662B35A68669746BBE7BAC06C17A"
deps = { MoveStdlib = "MoveStdlib" }

[pinned.devnet.contra]
source = { local = "../../../../../move" }
use_environment = "devnet"
manifest_digest = "41D1BDD28F3C119A169CE18934867517916EFC7FB9628B27D00844D146B950C3"
deps = { std = "MoveStdlib", sui = "Sui" }

[pinned.devnet.gated]
source = { root = true }
use_environment = "devnet"
manifest_digest = "E66E505871247C1A180C82FDC7CAE6161D71AAADD148F81EF04136E63E27BA28"
deps = { contra = "contra", std = "MoveStdlib", sui = "Sui" }
